
Microsoft Visual Studio Solution File, Format Version 12.00
# Visual Studio Version 17
VisualStudioVersion = 17.3.32929.385
MinimumVisualStudioVersion = 10.0.40219.1
Project("{9A19103F-16F7-4668-BE54-9A1E7A4F7556}") = "enova365.TwoFactorAuth", "enova365.TwoFactorAuth\enova365.TwoFactorAuth.csproj", "{607306D1-A570-42B7-AB5B-DA8B92770DFD}"
EndProject
Project("{2150E333-8FDC-42A3-9474-1A3956D46DE8}") = "Solution Items", "Solution Items", "{7AFAC6E3-18FC-4125-AF49-83393CFCD909}"
	ProjectSection(SolutionItems) = preProject
		Directory.Build.Props = Directory.Build.Props
		global.json = global.json
	EndProjectSection
EndProject
Global
	GlobalSection(SolutionConfigurationPlatforms) = preSolution
		Debug|Any CPU = Debug|Any CPU
		Release|Any CPU = Release|Any CPU
	EndGlobalSection
	GlobalSection(ProjectConfigurationPlatforms) = postSolution
		{607306D1-A570-42B7-AB5B-DA8B92770DFD}.Debug|Any CPU.ActiveCfg = Debug|Any CPU
		{607306D1-A570-42B7-AB5B-DA8B92770DFD}.Debug|Any CPU.Build.0 = Debug|Any CPU
		{607306D1-A570-42B7-AB5B-DA8B92770DFD}.Release|Any CPU.ActiveCfg = Release|Any CPU
		{607306D1-A570-42B7-AB5B-DA8B92770DFD}.Release|Any CPU.Build.0 = Release|Any CPU
	EndGlobalSection
	GlobalSection(SolutionProperties) = preSolution
		HideSolutionNode = FALSE
	EndGlobalSection
	GlobalSection(ExtensibilityGlobals) = postSolution
		SolutionGuid = {7113BD30-449A-442F-B055-8DF50B7FFB2E}
	EndGlobalSection
EndGlobal
