
Microsoft Visual Studio Solution File, Format Version 12.00
# Visual Studio 14
VisualStudioVersion = 14.0.25420.1
MinimumVisualStudioVersion = 10.0.40219.1
Project("{FAE04EC0-301F-11D3-BF4B-00C04F79EFBC}") = "enova365.TwoFactorAuth", "enova365.TwoFactorAuth\enova365.TwoFactorAuth.csproj", "{607306D1-A570-42B7-AB5B-DA8B92770DFD}"
EndProject
Global
	GlobalSection(SolutionConfigurationPlatforms) = preSolution
		Debug|Any CPU = Debug|Any CPU
		Release|Any CPU = Release|Any CPU
	EndGlobalSection
	GlobalSection(ProjectConfigurationPlatforms) = postSolution
		{607306D1-A570-42B7-AB5B-DA8B92770DFD}.Debug|Any CPU.ActiveCfg = Debug|Any CPU
		{607306D1-A570-42B7-AB5B-DA8B92770DFD}.Debug|Any CPU.Build.0 = Debug|Any CPU
		{607306D1-A570-42B7-AB5B-DA8B92770DFD}.Release|Any CPU.ActiveCfg = Release|Any CPU
		{607306D1-A570-42B7-AB5B-DA8B92770DFD}.Release|Any CPU.Build.0 = Release|Any CPU
	EndGlobalSection
	GlobalSection(SolutionProperties) = preSolution
		HideSolutionNode = FALSE
	EndGlobalSection
EndGlobal
